
Microsoft Visual Studio Solution File, Format Version 12.00
# Visual Studio Version 17
VisualStudioVersion = 17.8.34525.116
MinimumVisualStudioVersion = 10.0.40219.1
Project("{FAE04EC0-301F-11D3-BF4B-00C04F79EFBC}") = "Project", "Project\Project.csproj", "{224602E6-E337-4CA1-A500-23B135F1B473}"
EndProject
Global
	GlobalSection(SolutionConfigurationPlatforms) = preSolution
		Debug|Any CPU = Debug|Any CPU
		Release|Any CPU = Release|Any CPU
	EndGlobalSection
	GlobalSection(ProjectConfigurationPlatforms) = postSolution
		{224602E6-E337-4CA1-A500-23B135F1B473}.Debug|Any CPU.ActiveCfg = Debug|Any CPU
		{224602E6-E337-4CA1-A500-23B135F1B473}.Debug|Any CPU.Build.0 = Debug|Any CPU
		{224602E6-E337-4CA1-A500-23B135F1B473}.Release|Any CPU.ActiveCfg = Release|Any CPU
		{224602E6-E337-4CA1-A500-23B135F1B473}.Release|Any CPU.Build.0 = Release|Any CPU
	EndGlobalSection
	GlobalSection(SolutionProperties) = preSolution
		HideSolutionNode = FALSE
	EndGlobalSection
	GlobalSection(ExtensibilityGlobals) = postSolution
		SolutionGuid = {B6232ABB-569A-4C83-B9AF-21D6505F1F93}
	EndGlobalSection
EndGlobal
